{
    "_meta": {
        "hash": {
            "sha256": "2c0d0e793268cc6398a4c5d8aac37d455498b004cecc097377212f2f1e7cd2f3"
        },
        "pipfile-spec": 6,
        "requires": {},
        "sources": [
            {
                "name": "pypi",
                "url": "https://pypi.org/simple",
                "verify_ssl": true
            }
        ]
    },
    "default": {
    },
    "develop": {
    }
}
